
Microsoft Visual Studio Solution File, Format Version 12.00
# Visual Studio Version 16
VisualStudioVersion = 16.0.29806.167
MinimumVisualStudioVersion = 10.0.40219.1
Project("{FAE04EC0-301F-11D3-BF4B-00C04F79EFBC}") = "TestWebApi1", "TestWebApi1\TestWebApi1.csproj", "{D40E79AC-8632-4A88-943E-D0659CF09FDC}"
EndProject
Project("{FAE04EC0-301F-11D3-BF4B-00C04F79EFBC}") = "ConsoleClient", "ConsoleClient\ConsoleClient.csproj", "{3B2B52BF-0260-4585-B87E-B497C810A7CC}"
EndProject
Project("{FAE04EC0-301F-11D3-BF4B-00C04F79EFBC}") = "WindowsClient", "WindowsClient\WindowsClient.csproj", "{6C85824C-3479-471B-A7C3-474C74E05CDD}"
EndProject
Project("{FAE04EC0-301F-11D3-BF4B-00C04F79EFBC}") = "WebClient", "WebClient\WebClient.csproj", "{80D1B579-70A1-4A12-9CD7-3570B7E9D212}"
EndProject
Project("{FAE04EC0-301F-11D3-BF4B-00C04F79EFBC}") = "WebClient2", "WebClient2\WebClient2.csproj", "{DEDF20B4-B500-43DC-8AE5-537F5FE3471F}"
EndProject
Global
	GlobalSection(SolutionConfigurationPlatforms) = preSolution
		Debug|Any CPU = Debug|Any CPU
		Release|Any CPU = Release|Any CPU
	EndGlobalSection
	GlobalSection(ProjectConfigurationPlatforms) = postSolution
		{D40E79AC-8632-4A88-943E-D0659CF09FDC}.Debug|Any CPU.ActiveCfg = Debug|Any CPU
		{D40E79AC-8632-4A88-943E-D0659CF09FDC}.Debug|Any CPU.Build.0 = Debug|Any CPU
		{D40E79AC-8632-4A88-943E-D0659CF09FDC}.Release|Any CPU.ActiveCfg = Release|Any CPU
		{D40E79AC-8632-4A88-943E-D0659CF09FDC}.Release|Any CPU.Build.0 = Release|Any CPU
		{3B2B52BF-0260-4585-B87E-B497C810A7CC}.Debug|Any CPU.ActiveCfg = Debug|Any CPU
		{3B2B52BF-0260-4585-B87E-B497C810A7CC}.Debug|Any CPU.Build.0 = Debug|Any CPU
		{3B2B52BF-0260-4585-B87E-B497C810A7CC}.Release|Any CPU.ActiveCfg = Release|Any CPU
		{3B2B52BF-0260-4585-B87E-B497C810A7CC}.Release|Any CPU.Build.0 = Release|Any CPU
		{6C85824C-3479-471B-A7C3-474C74E05CDD}.Debug|Any CPU.ActiveCfg = Debug|Any CPU
		{6C85824C-3479-471B-A7C3-474C74E05CDD}.Debug|Any CPU.Build.0 = Debug|Any CPU
		{6C85824C-3479-471B-A7C3-474C74E05CDD}.Release|Any CPU.ActiveCfg = Release|Any CPU
		{6C85824C-3479-471B-A7C3-474C74E05CDD}.Release|Any CPU.Build.0 = Release|Any CPU
		{80D1B579-70A1-4A12-9CD7-3570B7E9D212}.Debug|Any CPU.ActiveCfg = Debug|Any CPU
		{80D1B579-70A1-4A12-9CD7-3570B7E9D212}.Debug|Any CPU.Build.0 = Debug|Any CPU
		{80D1B579-70A1-4A12-9CD7-3570B7E9D212}.Release|Any CPU.ActiveCfg = Release|Any CPU
		{80D1B579-70A1-4A12-9CD7-3570B7E9D212}.Release|Any CPU.Build.0 = Release|Any CPU
		{DEDF20B4-B500-43DC-8AE5-537F5FE3471F}.Debug|Any CPU.ActiveCfg = Debug|Any CPU
		{DEDF20B4-B500-43DC-8AE5-537F5FE3471F}.Debug|Any CPU.Build.0 = Debug|Any CPU
		{DEDF20B4-B500-43DC-8AE5-537F5FE3471F}.Release|Any CPU.ActiveCfg = Release|Any CPU
		{DEDF20B4-B500-43DC-8AE5-537F5FE3471F}.Release|Any CPU.Build.0 = Release|Any CPU
	EndGlobalSection
	GlobalSection(SolutionProperties) = preSolution
		HideSolutionNode = FALSE
	EndGlobalSection
	GlobalSection(ExtensibilityGlobals) = postSolution
		SolutionGuid = {C0040200-934E-4C47-94BD-3ECA821117DD}
	EndGlobalSection
EndGlobal
